version = 1
revision = 3
requires-python = ">=3.13"

[[package]]
name = "colorama"
version = "0.4.6"
source = { registry = "https://pypi.org/simple" }
sdist = { url = "https://files.pythonhosted.org/packages/d8/53/6f443c9a4a8358a93a6792e2acffb9d9d5cb0a5cfd8802644b7b1c9a02e4/colorama-0.4.6.tar.gz", hash = "sha256:08695f5cb7ed6e0531a20572697297273c47b8cae5a63ffc6d6ed5c201be6e44", size = 27697, upload-time = "2022-10-25T02:36:22.414Z" }
wheels = [
    { url = "https://files.pythonhosted.org/packages/d1/d6/3965ed04c63042e047cb6a3e6ed1a63a35087b6a609aa3a15ed8ac56c221/colorama-0.4.6-py2.py3-none-any.whl", hash = "sha256:4f1d9991f5acc0ca119f9d443620b77f9d6b33703e51011c16baf57afb285fc6", size = 25335, upload-time = "2022-10-25T02:36:20.889Z" },
]

[[package]]
name = "dnspython"
version = "2.7.0"
source = { registry = "https://pypi.org/simple" }
sdist = { url = "https://files.pythonhosted.org/packages/b5/4a/263763cb2ba3816dd94b08ad3a33d5fdae34ecb856678773cc40a3605829/dnspython-2.7.0.tar.gz", hash = "sha256:ce9c432eda0dc91cf618a5cedf1a4e142651196bbcd2c80e89ed5a907e5cfaf1", size = 345197, upload-time = "2024-10-05T20:14:59.362Z" }
wheels = [
    { url = "https://files.pythonhosted.org/packages/68/1b/e0a87d256e40e8c888847551b20a017a6b98139178505dc7ffb96f04e954/dnspython-2.7.0-py3-none-any.whl", hash = "sha256:b4c34b7d10b51bcc3a5071e7b8dee77939f1e878477eeecc965e9835f63c6c86", size = 313632, upload-time = "2024-10-05T20:14:57.687Z" },
]

[[package]]
name = "fiafcore-bundesarchiv"
version = "0.1.0"
source = { virtual = "." }
dependencies = [
    { name = "lxml" },
    { name = "pymongo" },
    { name = "python-dotenv" },
    { name = "rdflib" },
    { name = "tqdm" },
]

[package.metadata]
requires-dist = [
    { name = "lxml", specifier = "==6.0.0" },
    { name = "pymongo", specifier = "==4.13.2" },
    { name = "python-dotenv", specifier = "==1.1.1" },
    { name = "rdflib", specifier = "==7.1.3" },
    { name = "tqdm", specifier = "==4.67.1" },
]

[[package]]
name = "lxml"
version = "6.0.0"
source = { registry = "https://pypi.org/simple" }
sdist = { url = "https://files.pythonhosted.org/packages/c5/ed/60eb6fa2923602fba988d9ca7c5cdbd7cf25faa795162ed538b527a35411/lxml-6.0.0.tar.gz", hash = "sha256:032e65120339d44cdc3efc326c9f660f5f7205f3a535c1fdbf898b29ea01fb72", size = 4096938, upload-time = "2025-06-26T16:28:19.373Z" }
wheels = [
    { url = "https://files.pythonhosted.org/packages/79/21/6e7c060822a3c954ff085e5e1b94b4a25757c06529eac91e550f3f5cd8b8/lxml-6.0.0-cp313-cp313-macosx_10_13_universal2.whl", hash = "sha256:6da7cd4f405fd7db56e51e96bff0865b9853ae70df0e6720624049da76bde2da", size = 8414372, upload-time = "2025-06-26T16:26:39.079Z" },
    { url = "https://files.pythonhosted.org/packages/a4/f6/051b1607a459db670fc3a244fa4f06f101a8adf86cda263d1a56b3a4f9d5/lxml-6.0.0-cp313-cp313-macosx_10_13_x86_64.whl", hash = "sha256:b34339898bb556a2351a1830f88f751679f343eabf9cf05841c95b165152c9e7", size = 4593940, upload-time = "2025-06-26T16:26:41.891Z" },
    { url = "https://files.pythonhosted.org/packages/8e/74/dd595d92a40bda3c687d70d4487b2c7eff93fd63b568acd64fedd2ba00fe/lxml-6.0.0-cp313-cp313-manylinux2010_i686.manylinux2014_i686.manylinux_2_12_i686.manylinux_2_17_i686.whl", hash = "sha256:51a5e4c61a4541bd1cd3ba74766d0c9b6c12d6a1a4964ef60026832aac8e79b3", size = 5214329, upload-time = "2025-06-26T16:26:44.669Z" },
    { url = "https://files.pythonhosted.org/packages/52/46/3572761efc1bd45fcafb44a63b3b0feeb5b3f0066886821e94b0254f9253/lxml-6.0.0-cp313-cp313-manylinux2014_aarch64.manylinux_2_17_aarch64.whl", hash = "sha256:d18a25b19ca7307045581b18b3ec9ead2b1db5ccd8719c291f0cd0a5cec6cb81", size = 4947559, upload-time = "2025-06-28T18:47:31.091Z" },
    { url = "https://files.pythonhosted.org/packages/94/8a/5e40de920e67c4f2eef9151097deb9b52d86c95762d8ee238134aff2125d/lxml-6.0.0-cp313-cp313-manylinux2014_x86_64.manylinux_2_17_x86_64.whl", hash = "sha256:d4f0c66df4386b75d2ab1e20a489f30dc7fd9a06a896d64980541506086be1f1", size = 5102143, upload-time = "2025-06-28T18:47:33.612Z" },
    { url = "https://files.pythonhosted.org/packages/7c/4b/20555bdd75d57945bdabfbc45fdb1a36a1a0ff9eae4653e951b2b79c9209/lxml-6.0.0-cp313-cp313-manylinux_2_27_aarch64.manylinux_2_28_aarch64.whl", hash = "sha256:9f4b481b6cc3a897adb4279216695150bbe7a44c03daba3c894f49d2037e0a24", size = 5021931, upload-time = "2025-06-26T16:26:47.503Z" },
    { url = "https://files.pythonhosted.org/packages/b6/6e/cf03b412f3763d4ca23b25e70c96a74cfece64cec3addf1c4ec639586b13/lxml-6.0.0-cp313-cp313-manylinux_2_27_ppc64le.manylinux_2_28_ppc64le.whl", hash = "sha256:8a78d6c9168f5bcb20971bf3329c2b83078611fbe1f807baadc64afc70523b3a", size = 5645469, upload-time = "2025-07-03T19:19:13.32Z" },
    { url = "https://files.pythonhosted.org/packages/d4/dd/39c8507c16db6031f8c1ddf70ed95dbb0a6d466a40002a3522c128aba472/lxml-6.0.0-cp313-cp313-manylinux_2_27_x86_64.manylinux_2_28_x86_64.whl", hash = "sha256:2ae06fbab4f1bb7db4f7c8ca9897dc8db4447d1a2b9bee78474ad403437bcc29", size = 5247467, upload-time = "2025-06-26T16:26:49.998Z" },
    { url = "https://files.pythonhosted.org/packages/4d/56/732d49def0631ad633844cfb2664563c830173a98d5efd9b172e89a4800d/lxml-6.0.0-cp313-cp313-manylinux_2_31_armv7l.whl", hash = "sha256:1fa377b827ca2023244a06554c6e7dc6828a10aaf74ca41965c5d8a4925aebb4", size = 4720601, upload-time = "2025-06-26T16:26:52.564Z" },
    { url = "https://files.pythonhosted.org/packages/8f/7f/6b956fab95fa73462bca25d1ea7fc8274ddf68fb8e60b78d56c03b65278e/lxml-6.0.0-cp313-cp313-musllinux_1_2_aarch64.whl", hash = "sha256:1676b56d48048a62ef77a250428d1f31f610763636e0784ba67a9740823988ca", size = 5060227, upload-time = "2025-06-26T16:26:55.054Z" },
    { url = "https://files.pythonhosted.org/packages/97/06/e851ac2924447e8b15a294855caf3d543424364a143c001014d22c8ca94c/lxml-6.0.0-cp313-cp313-musllinux_1_2_armv7l.whl", hash = "sha256:0e32698462aacc5c1cf6bdfebc9c781821b7e74c79f13e5ffc8bfe27c42b1abf", size = 4790637, upload-time = "2025-06-26T16:26:57.384Z" },
    { url = "https://files.pythonhosted.org/packages/06/d4/fd216f3cd6625022c25b336c7570d11f4a43adbaf0a56106d3d496f727a7/lxml-6.0.0-cp313-cp313-musllinux_1_2_ppc64le.whl", hash = "sha256:4d6036c3a296707357efb375cfc24bb64cd955b9ec731abf11ebb1e40063949f", size = 5662049, upload-time = "2025-07-03T19:19:16.409Z" },
    { url = "https://files.pythonhosted.org/packages/52/03/0e764ce00b95e008d76b99d432f1807f3574fb2945b496a17807a1645dbd/lxml-6.0.0-cp313-cp313-musllinux_1_2_x86_64.whl", hash = "sha256:7488a43033c958637b1a08cddc9188eb06d3ad36582cebc7d4815980b47e27ef", size = 5272430, upload-time = "2025-06-26T16:27:00.031Z" },
    { url = "https://files.pythonhosted.org/packages/5f/01/d48cc141bc47bc1644d20fe97bbd5e8afb30415ec94f146f2f76d0d9d098/lxml-6.0.0-cp313-cp313-win32.whl", hash = "sha256:5fcd7d3b1d8ecb91445bd71b9c88bdbeae528fefee4f379895becfc72298d181", size = 3612896, upload-time = "2025-06-26T16:27:04.251Z" },
    { url = "https://files.pythonhosted.org/packages/f4/87/6456b9541d186ee7d4cb53bf1b9a0d7f3b1068532676940fdd594ac90865/lxml-6.0.0-cp313-cp313-win_amd64.whl", hash = "sha256:2f34687222b78fff795feeb799a7d44eca2477c3d9d3a46ce17d51a4f383e32e", size = 4013132, upload-time = "2025-06-26T16:27:06.415Z" },
    { url = "https://files.pythonhosted.org/packages/b7/42/85b3aa8f06ca0d24962f8100f001828e1f1f1a38c954c16e71154ed7d53a/lxml-6.0.0-cp313-cp313-win_arm64.whl", hash = "sha256:21db1ec5525780fd07251636eb5f7acb84003e9382c72c18c542a87c416ade03", size = 3672642, upload-time = "2025-06-26T16:27:09.888Z" },
]

[[package]]
name = "pymongo"
version = "4.13.2"
source = { registry = "https://pypi.org/simple" }
dependencies = [
    { name = "dnspython" },
]
sdist = { url = "https://files.pythonhosted.org/packages/4b/5a/d664298bf54762f0c89b8aa2c276868070e06afb853b4a8837de5741e5f9/pymongo-4.13.2.tar.gz", hash = "sha256:0f64c6469c2362962e6ce97258ae1391abba1566a953a492562d2924b44815c2", size = 2167844, upload-time = "2025-06-16T18:16:30.685Z" }
wheels = [
    { url = "https://files.pythonhosted.org/packages/e0/95/b44b8e24b161afe7b244f6d43c09a7a1f93308cad04198de1c14c67b24ce/pymongo-4.13.2-cp313-cp313-macosx_10_13_x86_64.whl", hash = "sha256:d6044ca0eb74d97f7d3415264de86a50a401b7b0b136d30705f022f9163c3124", size = 966232, upload-time = "2025-06-16T18:15:33.057Z" },
    { url = "https://files.pythonhosted.org/packages/6d/fc/d4d59799a52033acb187f7bd1f09bc75bebb9fd12cef4ba2964d235ad3f9/pymongo-4.13.2-cp313-cp313-macosx_11_0_arm64.whl", hash = "sha256:dd326bcb92d28d28a3e7ef0121602bad78691b6d4d1f44b018a4616122f1ba8b", size = 965935, upload-time = "2025-06-16T18:15:34.826Z" },
    { url = "https://files.pythonhosted.org/packages/07/a8/67502899d89b317ea9952e4769bc193ca15efee561b24b38a86c59edde6f/pymongo-4.13.2-cp313-cp313-manylinux_2_17_aarch64.manylinux2014_aarch64.whl", hash = "sha256:dfb0c21bdd58e58625c9cd8de13e859630c29c9537944ec0a14574fdf88c2ac4", size = 1954070, upload-time = "2025-06-16T18:15:36.576Z" },
    { url = "https://files.pythonhosted.org/packages/da/3b/0dac5d81d1af1b96b3200da7ccc52fc261a35efb7d2ac493252eb40a2b11/pymongo-4.13.2-cp313-cp313-manylinux_2_17_ppc64le.manylinux2014_ppc64le.whl", hash = "sha256:c9c7d345d57f17b1361008aea78a37e8c139631a46aeb185dd2749850883c7ba", size = 2031424, upload-time = "2025-06-16T18:15:38.723Z" },
    { url = "https://files.pythonhosted.org/packages/31/ed/7a5af49a153224ca7e31e9915703e612ad9c45808cc39540e9dd1a2a7537/pymongo-4.13.2-cp313-cp313-manylinux_2_17_s390x.manylinux2014_s390x.whl", hash = "sha256:8860445a8da1b1545406fab189dc20319aff5ce28e65442b2b4a8f4228a88478", size = 1995339, upload-time = "2025-06-16T18:15:40.474Z" },
    { url = "https://files.pythonhosted.org/packages/f1/e9/9c72eceae8439c4f1bdebc4e6b290bf035e3f050a80eeb74abb5e12ef8e2/pymongo-4.13.2-cp313-cp313-manylinux_2_17_x86_64.manylinux2014_x86_64.whl", hash = "sha256:01c184b612f67d5a4c8f864ae7c40b6cc33c0e9bb05e39d08666f8831d120504", size = 1956066, upload-time = "2025-06-16T18:15:42.272Z" },
    { url = "https://files.pythonhosted.org/packages/ac/79/9b019c47923395d5fced03856996465fb9340854b0f5a2ddf16d47e2437c/pymongo-4.13.2-cp313-cp313-manylinux_2_5_i686.manylinux1_i686.manylinux_2_17_i686.manylinux2014_i686.whl", hash = "sha256:ae2ea8c62d5f3c6529407c12471385d9a05f9fb890ce68d64976340c85cd661b", size = 1905642, upload-time = "2025-06-16T18:15:43.978Z" },
    { url = "https://files.pythonhosted.org/packages/93/2f/ebf56c7fa9298fa2f9716e7b66cf62b29e7fc6e11774f3b87f55d214d466/pymongo-4.13.2-cp313-cp313-win32.whl", hash = "sha256:d13556e91c4a8cb07393b8c8be81e66a11ebc8335a40fa4af02f4d8d3b40c8a1", size = 930184, upload-time = "2025-06-16T18:15:46.899Z" },
    { url = "https://files.pythonhosted.org/packages/76/2f/49c35464cbd5d116d950ff5d24b4b20491aaae115d35d40b945c33b29250/pymongo-4.13.2-cp313-cp313-win_amd64.whl", hash = "sha256:cfc69d7bc4d4d5872fd1e6de25e6a16e2372c7d5556b75c3b8e2204dce73e3fb", size = 955111, upload-time = "2025-06-16T18:15:48.85Z" },
    { url = "https://files.pythonhosted.org/packages/57/56/b17c8b5329b1842b7847cf0fa224ef0a272bf2e5126360f4da8065c855a1/pymongo-4.13.2-cp313-cp313t-macosx_10_13_x86_64.whl", hash = "sha256:a457d2ac34c05e9e8a6bb724115b093300bf270f0655fb897df8d8604b2e3700", size = 1022735, upload-time = "2025-06-16T18:15:50.672Z" },
    { url = "https://files.pythonhosted.org/packages/83/e6/66fec65a7919bf5f35be02e131b4dc4bf3152b5e8d78cd04b6d266a44514/pymongo-4.13.2-cp313-cp313t-macosx_11_0_arm64.whl", hash = "sha256:02f131a6e61559613b1171b53fbe21fed64e71b0cb4858c47fc9bc7c8e0e501c", size = 1022740, upload-time = "2025-06-16T18:15:53.218Z" },
    { url = "https://files.pythonhosted.org/packages/17/92/cda7383df0d5e71dc007f172c1ecae6313d64ea05d82bbba06df7f6b3e49/pymongo-4.13.2-cp313-cp313t-manylinux_2_17_aarch64.manylinux2014_aarch64.whl", hash = "sha256:8c942d1c6334e894271489080404b1a2e3b8bd5de399f2a0c14a77d966be5bc9", size = 2282430, upload-time = "2025-06-16T18:15:55.356Z" },
    { url = "https://files.pythonhosted.org/packages/84/da/285e05eb1d617b30dc7a7a98ebeb264353a8903e0e816a4eec6487c81f18/pymongo-4.13.2-cp313-cp313t-manylinux_2_17_ppc64le.manylinux2014_ppc64le.whl", hash = "sha256:850168d115680ab66a0931a6aa9dd98ed6aa5e9c3b9a6c12128049b9a5721bc5", size = 2369470, upload-time = "2025-06-16T18:15:57.5Z" },
    { url = "https://files.pythonhosted.org/packages/89/c0/c0d5eae236de9ca293497dc58fc1e4872382223c28ec223f76afc701392c/pymongo-4.13.2-cp313-cp313t-manylinux_2_17_s390x.manylinux2014_s390x.whl", hash = "sha256:af7dfff90647ee77c53410f7fe8ca4fe343f8b768f40d2d0f71a5602f7b5a541", size = 2328857, upload-time = "2025-06-16T18:15:59.59Z" },
    { url = "https://files.pythonhosted.org/packages/2b/5a/d8639fba60def128ce9848b99c56c54c8a4d0cd60342054cd576f0bfdf26/pymongo-4.13.2-cp313-cp313t-manylinux_2_17_x86_64.manylinux2014_x86_64.whl", hash = "sha256:f8057f9bc9c94a8fd54ee4f5e5106e445a8f406aff2df74746f21c8791ee2403", size = 2280053, upload-time = "2025-06-16T18:16:02.166Z" },
    { url = "https://files.pythonhosted.org/packages/a1/69/d56f0897cc4932a336820c5d2470ffed50be04c624b07d1ad6ea75aaa975/pymongo-4.13.2-cp313-cp313t-manylinux_2_5_i686.manylinux1_i686.manylinux_2_17_i686.manylinux2014_i686.whl", hash = "sha256:51040e1ba78d6671f8c65b29e2864483451e789ce93b1536de9cc4456ede87fa", size = 2219378, upload-time = "2025-06-16T18:16:04.108Z" },
    { url = "https://files.pythonhosted.org/packages/04/1e/427e7f99801ee318b6331062d682d3816d7e1d6b6013077636bd75d49c87/pymongo-4.13.2-cp313-cp313t-win32.whl", hash = "sha256:7ab86b98a18c8689514a9f8d0ec7d9ad23a949369b31c9a06ce4a45dcbffcc5e", size = 979460, upload-time = "2025-06-16T18:16:06.128Z" },
    { url = "https://files.pythonhosted.org/packages/b5/9c/00301a6df26f0f8d5c5955192892241e803742e7c3da8c2c222efabc0df6/pymongo-4.13.2-cp313-cp313t-win_amd64.whl", hash = "sha256:c38168263ed94a250fc5cf9c6d33adea8ab11c9178994da1c3481c2a49d235f8", size = 1011057, upload-time = "2025-06-16T18:16:07.917Z" },
]

[[package]]
name = "pyparsing"
version = "3.2.3"
source = { registry = "https://pypi.org/simple" }
sdist = { url = "https://files.pythonhosted.org/packages/bb/22/f1129e69d94ffff626bdb5c835506b3a5b4f3d070f17ea295e12c2c6f60f/pyparsing-3.2.3.tar.gz", hash = "sha256:b9c13f1ab8b3b542f72e28f634bad4de758ab3ce4546e4301970ad6fa77c38be", size = 1088608, upload-time = "2025-03-25T05:01:28.114Z" }
wheels = [
    { url = "https://files.pythonhosted.org/packages/05/e7/df2285f3d08fee213f2d041540fa4fc9ca6c2d44cf36d3a035bf2a8d2bcc/pyparsing-3.2.3-py3-none-any.whl", hash = "sha256:a749938e02d6fd0b59b356ca504a24982314bb090c383e3cf201c95ef7e2bfcf", size = 111120, upload-time = "2025-03-25T05:01:24.908Z" },
]

[[package]]
name = "python-dotenv"
version = "1.1.1"
source = { registry = "https://pypi.org/simple" }
sdist = { url = "https://files.pythonhosted.org/packages/f6/b0/4bc07ccd3572a2f9df7e6782f52b0c6c90dcbb803ac4a167702d7d0dfe1e/python_dotenv-1.1.1.tar.gz", hash = "sha256:a8a6399716257f45be6a007360200409fce5cda2661e3dec71d23dc15f6189ab", size = 41978, upload-time = "2025-06-24T04:21:07.341Z" }
wheels = [
    { url = "https://files.pythonhosted.org/packages/5f/ed/539768cf28c661b5b068d66d96a2f155c4971a5d55684a514c1a0e0dec2f/python_dotenv-1.1.1-py3-none-any.whl", hash = "sha256:31f23644fe2602f88ff55e1f5c79ba497e01224ee7737937930c448e4d0e24dc", size = 20556, upload-time = "2025-06-24T04:21:06.073Z" },
]

[[package]]
name = "rdflib"
version = "7.1.3"
source = { registry = "https://pypi.org/simple" }
dependencies = [
    { name = "pyparsing" },
]
sdist = { url = "https://files.pythonhosted.org/packages/96/12/f43307e7b1f871ed5424fc6eff1fb8c85637dbaed6a401748c2b72c97d7a/rdflib-7.1.3.tar.gz", hash = "sha256:f3dcb4c106a8cd9e060d92f43d593d09ebc3d07adc244f4c7315856a12e383ee", size = 4867170, upload-time = "2025-01-18T04:34:43.542Z" }
wheels = [
    { url = "https://files.pythonhosted.org/packages/9c/3c/f508a9b346078ea0bd49c8261430204fcfb4150352d51fa2a54a4d9eacda/rdflib-7.1.3-py3-none-any.whl", hash = "sha256:5402310a9f0f3c07d453d73fd0ad6ba35616286fe95d3670db2b725f3f539673", size = 564909, upload-time = "2025-01-18T04:34:29.12Z" },
]

[[package]]
name = "tqdm"
version = "4.67.1"
source = { registry = "https://pypi.org/simple" }
dependencies = [
    { name = "colorama", marker = "sys_platform == 'win32'" },
]
sdist = { url = "https://files.pythonhosted.org/packages/a8/4b/29b4ef32e036bb34e4ab51796dd745cdba7ed47ad142a9f4a1eb8e0c744d/tqdm-4.67.1.tar.gz", hash = "sha256:f8aef9c52c08c13a65f30ea34f4e5aac3fd1a34959879d7e59e63027286627f2", size = 169737, upload-time = "2024-11-24T20:12:22.481Z" }
wheels = [
    { url = "https://files.pythonhosted.org/packages/d0/30/dc54f88dd4a2b5dc8a0279bdd7270e735851848b762aeb1c1184ed1f6b14/tqdm-4.67.1-py3-none-any.whl", hash = "sha256:26445eca388f82e72884e0d580d5464cd801a3ea01e63e5601bdff9ba6a48de2", size = 78540, upload-time = "2024-11-24T20:12:19.698Z" },
]
